// !$*UTF8*$!
{
	archiveVersion = 1;
	classes = {
	};
	objectVersion = 50;
	objects = {

/* Begin PBXBuildFile section */
		1342D19A23D8479600C7802A /* AppDelegate.swift in Sources */ = {isa = PBXBuildFile; fileRef = 1342D19923D8479600C7802A /* AppDelegate.swift */; };
		1342D19C23D8479600C7802A /* ViewController.swift in Sources */ = {isa = PBXBuildFile; fileRef = 1342D19B23D8479600C7802A /* ViewController.swift */; };
		1342D19F23D8479600C7802A /* Main.storyboard in Resources */ = {isa = PBXBuildFile; fileRef = 1342D19D23D8479600C7802A /* Main.storyboard */; };
		1342D1A123D8479700C7802A /* Assets.xcassets in Resources */ = {isa = PBXBuildFile; fileRef = 1342D1A023D8479700C7802A /* Assets.xcassets */; };
		1342D1A423D8479700C7802A /* LaunchScreen.storyboard in Resources */ = {isa = PBXBuildFile; fileRef = 1342D1A223D8479700C7802A /* LaunchScreen.storyboard */; };
		1342D1AD23D8491E00C7802A /* Opera.swift in Sources */ = {isa = PBXBuildFile; fileRef = 1342D1AC23D8491E00C7802A /* Opera.swift */; };
		1342D1AF23D8495E00C7802A /* Quadro.swift in Sources */ = {isa = PBXBuildFile; fileRef = 1342D1AE23D8495E00C7802A /* Quadro.swift */; };
		1342D1B123D8496800C7802A /* Statua.swift in Sources */ = {isa = PBXBuildFile; fileRef = 1342D1B023D8496800C7802A /* Statua.swift */; };
		1342D1B523D86B9E00C7802A /* gallery.json in Resources */ = {isa = PBXBuildFile; fileRef = 1342D1B423D86B9E00C7802A /* gallery.json */; };
		1342D1B723D894A600C7802A /* TableViewCell.swift in Sources */ = {isa = PBXBuildFile; fileRef = 1342D1B623D894A600C7802A /* TableViewCell.swift */; };
		138BA1B023D9B31F00C42FF3 /* DetailViewController.swift in Sources */ = {isa = PBXBuildFile; fileRef = 138BA1AF23D9B31F00C42FF3 /* DetailViewController.swift */; };
/* End PBXBuildFile section */

/* Begin PBXFileReference section */
		1342D19623D8479600C7802A /* Museo.app */ = {isa = PBXFileReference; explicitFileType = wrapper.application; includeInIndex = 0; path = Museo.app; sourceTree = BUILT_PRODUCTS_DIR; };
		1342D19923D8479600C7802A /* AppDelegate.swift */ = {isa = PBXFileReference; lastKnownFileType = sourcecode.swift; path = AppDelegate.swift; sourceTree = "<group>"; };
		1342D19B23D8479600C7802A /* ViewController.swift */ = {isa = PBXFileReference; lastKnownFileType = sourcecode.swift; path = ViewController.swift; sourceTree = "<group>"; };
		1342D19E23D8479600C7802A /* Base */ = {isa = PBXFileReference; lastKnownFileType = file.storyboard; name = Base; path = Base.lproj/Main.storyboard; sourceTree = "<group>"; };
		1342D1A023D8479700C7802A /* Assets.xcassets */ = {isa = PBXFileReference; lastKnownFileType = folder.assetcatalog; path = Assets.xcassets; sourceTree = "<group>"; };
		1342D1A323D8479700C7802A /* Base */ = {isa = PBXFileReference; lastKnownFileType = file.storyboard; name = Base; path = Base.lproj/LaunchScreen.storyboard; sourceTree = "<group>"; };
		1342D1A523D8479700C7802A /* Info.plist */ = {isa = PBXFileReference; lastKnownFileType = text.plist.xml; path = Info.plist; sourceTree = "<group>"; };
		1342D1AC23D8491E00C7802A /* Opera.swift */ = {isa = PBXFileReference; lastKnownFileType = sourcecode.swift; path = Opera.swift; sourceTree = "<group>"; };
		1342D1AE23D8495E00C7802A /* Quadro.swift */ = {isa = PBXFileReference; lastKnownFileType = sourcecode.swift; path = Quadro.swift; sourceTree = "<group>"; };
		1342D1B023D8496800C7802A /* Statua.swift */ = {isa = PBXFileReference; lastKnownFileType = sourcecode.swift; path = Statua.swift; sourceTree = "<group>"; };
		1342D1B423D86B9E00C7802A /* gallery.json */ = {isa = PBXFileReference; fileEncoding = 4; lastKnownFileType = text.json; path = gallery.json; sourceTree = "<group>"; };
		1342D1B623D894A600C7802A /* TableViewCell.swift */ = {isa = PBXFileReference; lastKnownFileType = sourcecode.swift; path = TableViewCell.swift; sourceTree = "<group>"; };
		138BA1AF23D9B31F00C42FF3 /* DetailViewController.swift */ = {isa = PBXFileReference; lastKnownFileType = sourcecode.swift; path = DetailViewController.swift; sourceTree = "<group>"; };
/* End PBXFileReference section */

/* Begin PBXFrameworksBuildPhase section */
		1342D19323D8479600C7802A /* Frameworks */ = {
			isa = PBXFrameworksBuildPhase;
			buildActionMask = 2147483647;
			files = (
			);
			runOnlyForDeploymentPostprocessing = 0;
		};
/* End PBXFrameworksBuildPhase section */

/* Begin PBXGroup section */
		1342D18D23D8479600C7802A = {
			isa = PBXGroup;
			children = (
				1342D19823D8479600C7802A /* Museo */,
				1342D19723D8479600C7802A /* Products */,
			);
			sourceTree = "<group>";
		};
		1342D19723D8479600C7802A /* Products */ = {
			isa = PBXGroup;
			children = (
				1342D19623D8479600C7802A /* Museo.app */,
			);
			name = Products;
			sourceTree = "<group>";
		};
		1342D19823D8479600C7802A /* Museo */ = {
			isa = PBXGroup;
			children = (
				1342D1B423D86B9E00C7802A /* gallery.json */,
				1342D1AB23D848C100C7802A /* Model */,
				1342D19923D8479600C7802A /* AppDelegate.swift */,
				1342D19B23D8479600C7802A /* ViewController.swift */,
				138BA1AF23D9B31F00C42FF3 /* DetailViewController.swift */,
				1342D19D23D8479600C7802A /* Main.storyboard */,
				1342D1B623D894A600C7802A /* TableViewCell.swift */,
				1342D1A023D8479700C7802A /* Assets.xcassets */,
				1342D1A223D8479700C7802A /* LaunchScreen.storyboard */,
				1342D1A523D8479700C7802A /* Info.plist */,
			);
			path = Museo;
			sourceTree = "<group>";
		};
		1342D1AB23D848C100C7802A /* Model */ = {
			isa = PBXGroup;
			children = (
				1342D1AC23D8491E00C7802A /* Opera.swift */,
				1342D1AE23D8495E00C7802A /* Quadro.swift */,
				1342D1B023D8496800C7802A /* Statua.swift */,
			);
			path = Model;
			sourceTree = "<group>";
		};
/* End PBXGroup section */

/* Begin PBXNativeTarget section */
		1342D19523D8479600C7802A /* Museo */ = {
			isa = PBXNativeTarget;
			buildConfigurationList = 1342D1A823D8479700C7802A /* Build configuration list for PBXNativeTarget "Museo" */;
			buildPhases = (
				1342D19223D8479600C7802A /* Sources */,
				1342D19323D8479600C7802A /* Frameworks */,
				1342D19423D8479600C7802A /* Resources */,
			);
			buildRules = (
			);
			dependencies = (
			);
			name = Museo;
			productName = Museo;
			productReference = 1342D19623D8479600C7802A /* Museo.app */;
			productType = "com.apple.product-type.application";
		};
/* End PBXNativeTarget section */

/* Begin PBXProject section */
		1342D18E23D8479600C7802A /* Project object */ = {
			isa = PBXProject;
			attributes = {
				LastSwiftUpdateCheck = 1010;
				LastUpgradeCheck = 1010;
				ORGANIZATIONNAME = DXC;
				TargetAttributes = {
					1342D19523D8479600C7802A = {
						CreatedOnToolsVersion = 10.1;
					};
				};
			};
			buildConfigurationList = 1342D19123D8479600C7802A /* Build configuration list for PBXProject "Museo" */;
			compatibilityVersion = "Xcode 9.3";
			developmentRegion = en;
			hasScannedForEncodings = 0;
			knownRegions = (
				en,
				Base,
			);
			mainGroup = 1342D18D23D8479600C7802A;
			productRefGroup = 1342D19723D8479600C7802A /* Products */;
			projectDirPath = "";
			projectRoot = "";
			targets = (
				1342D19523D8479600C7802A /* Museo */,
			);
		};
/* End PBXProject section */

/* Begin PBXResourcesBuildPhase section */
		1342D19423D8479600C7802A /* Resources */ = {
			isa = PBXResourcesBuildPhase;
			buildActionMask = 2147483647;
			files = (
				1342D1B523D86B9E00C7802A /* gallery.json in Resources */,
				1342D1A423D8479700C7802A /* LaunchScreen.storyboard in Resources */,
				1342D1A123D8479700C7802A /* Assets.xcassets in Resources */,
				1342D19F23D8479600C7802A /* Main.storyboard in Resources */,
			);
			runOnlyForDeploymentPostprocessing = 0;
		};
/* End PBXResourcesBuildPhase section */

/* Begin PBXSourcesBuildPhase section */
		1342D19223D8479600C7802A /* Sources */ = {
			isa = PBXSourcesBuildPhase;
			buildActionMask = 2147483647;
			files = (
				1342D1AD23D8491E00C7802A /* Opera.swift in Sources */,
				1342D1B123D8496800C7802A /* Statua.swift in Sources */,
				1342D19C23D8479600C7802A /* ViewController.swift in Sources */,
				1342D1B723D894A600C7802A /* TableViewCell.swift in Sources */,
				1342D19A23D8479600C7802A /* AppDelegate.swift in Sources */,
				1342D1AF23D8495E00C7802A /* Quadro.swift in Sources */,
				138BA1B023D9B31F00C42FF3 /* DetailViewController.swift in Sources */,
			);
			runOnlyForDeploymentPostprocessing = 0;
		};
/* End PBXSourcesBuildPhase section */

/* Begin PBXVariantGroup section */
		1342D19D23D8479600C7802A /* Main.storyboard */ = {
			isa = PBXVariantGroup;
			children = (
				1342D19E23D8479600C7802A /* Base */,
			);
			name = Main.storyboard;
			sourceTree = "<group>";
		};
		1342D1A223D8479700C7802A /* LaunchScreen.storyboard */ = {
			isa = PBXVariantGroup;
			children = (
				1342D1A323D8479700C7802A /* Base */,
			);
			name = LaunchScreen.storyboard;
			sourceTree = "<group>";
		};
/* End PBXVariantGroup section */

/* Begin XCBuildConfiguration section */
		1342D1A623D8479700C7802A /* Debug */ = {
			isa = XCBuildConfiguration;
			buildSettings = {
				ALWAYS_SEARCH_USER_PATHS = NO;
				CLANG_ANALYZER_NONNULL = YES;
				CLANG_ANALYZER_NUMBER_OBJECT_CONVERSION = YES_AGGRESSIVE;
				CLANG_CXX_LANGUAGE_STANDARD = "gnu++14";
				CLANG_CXX_LIBRARY = "libc++";
				CLANG_ENABLE_MODULES = YES;
				CLANG_ENABLE_OBJC_ARC = YES;
				CLANG_ENABLE_OBJC_WEAK = YES;
				CLANG_WARN_BLOCK_CAPTURE_AUTORELEASING = YES;
				CLANG_WARN_BOOL_CONVERSION = YES;
				CLANG_WARN_COMMA = YES;
				CLANG_WARN_CONSTANT_CONVERSION = YES;
				CLANG_WARN_DEPRECATED_OBJC_IMPLEMENTATIONS = YES;
				CLANG_WARN_DIRECT_OBJC_ISA_USAGE = YES_ERROR;
				CLANG_WARN_DOCUMENTATION_COMMENTS = YES;
				CLANG_WARN_EMPTY_BODY = YES;
				CLANG_WARN_ENUM_CONVERSION = YES;
				CLANG_WARN_INFINITE_RECURSION = YES;
				CLANG_WARN_INT_CONVERSION = YES;
				CLANG_WARN_NON_LITERAL_NULL_CONVERSION = YES;
				CLANG_WARN_OBJC_IMPLICIT_RETAIN_SELF = YES;
				CLANG_WARN_OBJC_LITERAL_CONVERSION = YES;
				CLANG_WARN_OBJC_ROOT_CLASS = YES_ERROR;
				CLANG_WARN_RANGE_LOOP_ANALYSIS = YES;
				CLANG_WARN_STRICT_PROTOTYPES = YES;
				CLANG_WARN_SUSPICIOUS_MOVE = YES;
				CLANG_WARN_UNGUARDED_AVAILABILITY = YES_AGGRESSIVE;
				CLANG_WARN_UNREACHABLE_CODE = YES;
				CLANG_WARN__DUPLICATE_METHOD_MATCH = YES;
				CODE_SIGN_IDENTITY = "iPhone Developer";
				COPY_PHASE_STRIP = NO;
				DEBUG_INFORMATION_FORMAT = dwarf;
				ENABLE_STRICT_OBJC_MSGSEND = YES;
				ENABLE_TESTABILITY = YES;
				GCC_C_LANGUAGE_STANDARD = gnu11;
				GCC_DYNAMIC_NO_PIC = NO;
				GCC_NO_COMMON_BLOCKS = YES;
				GCC_OPTIMIZATION_LEVEL = 0;
				GCC_PREPROCESSOR_DEFINITIONS = (
					"DEBUG=1",
					"$(inherited)",
				);
				GCC_WARN_64_TO_32_BIT_CONVERSION = YES;
				GCC_WARN_ABOUT_RETURN_TYPE = YES_ERROR;
				GCC_WARN_UNDECLARED_SELECTOR = YES;
				GCC_WARN_UNINITIALIZED_AUTOS = YES_AGGRESSIVE;
				GCC_WARN_UNUSED_FUNCTION = YES;
				GCC_WARN_UNUSED_VARIABLE = YES;
				IPHONEOS_DEPLOYMENT_TARGET = 12.1;
				MTL_ENABLE_DEBUG_INFO = INCLUDE_SOURCE;
				MTL_FAST_MATH = YES;
				ONLY_ACTIVE_ARCH = YES;
				SDKROOT = iphoneos;
				SWIFT_ACTIVE_COMPILATION_CONDITIONS = DEBUG;
				SWIFT_OPTIMIZATION_LEVEL = "-Onone";
			};
			name = Debug;
		};
		1342D1A723D8479700C7802A /* Release */ = {
			isa = XCBuildConfiguration;
			buildSettings = {
				ALWAYS_SEARCH_USER_PATHS = NO;
				CLANG_ANALYZER_NONNULL = YES;
				CLANG_ANALYZER_NUMBER_OBJECT_CONVERSION = YES_AGGRESSIVE;
				CLANG_CXX_LANGUAGE_STANDARD = "gnu++14";
				CLANG_CXX_LIBRARY = "libc++";
				CLANG_ENABLE_MODULES = YES;
				CLANG_ENABLE_OBJC_ARC = YES;
				CLANG_ENABLE_OBJC_WEAK = YES;
				CLANG_WARN_BLOCK_CAPTURE_AUTORELEASING = YES;
				CLANG_WARN_BOOL_CONVERSION = YES;
				CLANG_WARN_COMMA = YES;
				CLANG_WARN_CONSTANT_CONVERSION = YES;
				CLANG_WARN_DEPRECATED_OBJC_IMPLEMENTATIONS = YES;
				CLANG_WARN_DIRECT_OBJC_ISA_USAGE = YES_ERROR;
				CLANG_WARN_DOCUMENTATION_COMMENTS = YES;
				CLANG_WARN_EMPTY_BODY = YES;
				CLANG_WARN_ENUM_CONVERSION = YES;
				CLANG_WARN_INFINITE_RECURSION = YES;
				CLANG_WARN_INT_CONVERSION = YES;
				CLANG_WARN_NON_LITERAL_NULL_CONVERSION = YES;
				CLANG_WARN_OBJC_IMPLICIT_RETAIN_SELF = YES;
				CLANG_WARN_OBJC_LITERAL_CONVERSION = YES;
				CLANG_WARN_OBJC_ROOT_CLASS = YES_ERROR;
				CLANG_WARN_RANGE_LOOP_ANALYSIS = YES;
				CLANG_WARN_STRICT_PROTOTYPES = YES;
				CLANG_WARN_SUSPICIOUS_MOVE = YES;
				CLANG_WARN_UNGUARDED_AVAILABILITY = YES_AGGRESSIVE;
				CLANG_WARN_UNREACHABLE_CODE = YES;
				CLANG_WARN__DUPLICATE_METHOD_MATCH = YES;
				CODE_SIGN_IDENTITY = "iPhone Developer";
				COPY_PHASE_STRIP = NO;
				DEBUG_INFORMATION_FORMAT = "dwarf-with-dsym";
				ENABLE_NS_ASSERTIONS = NO;
				ENABLE_STRICT_OBJC_MSGSEND = YES;
				GCC_C_LANGUAGE_STANDARD = gnu11;
				GCC_NO_COMMON_BLOCKS = YES;
				GCC_WARN_64_TO_32_BIT_CONVERSION = YES;
				GCC_WARN_ABOUT_RETURN_TYPE = YES_ERROR;
				GCC_WARN_UNDECLARED_SELECTOR = YES;
				GCC_WARN_UNINITIALIZED_AUTOS = YES_AGGRESSIVE;
				GCC_WARN_UNUSED_FUNCTION = YES;
				GCC_WARN_UNUSED_VARIABLE = YES;
				IPHONEOS_DEPLOYMENT_TARGET = 12.1;
				MTL_ENABLE_DEBUG_INFO = NO;
				MTL_FAST_MATH = YES;
				SDKROOT = iphoneos;
				SWIFT_COMPILATION_MODE = wholemodule;
				SWIFT_OPTIMIZATION_LEVEL = "-O";
				VALIDATE_PRODUCT = YES;
			};
			name = Release;
		};
		1342D1A923D8479700C7802A /* Debug */ = {
			isa = XCBuildConfiguration;
			buildSettings = {
				ASSETCATALOG_COMPILER_APPICON_NAME = AppIcon;
				CODE_SIGN_IDENTITY = "iPhone Developer";
				CODE_SIGN_STYLE = Automatic;
				DEVELOPMENT_TEAM = "";
				INFOPLIST_FILE = Museo/Info.plist;
				LD_RUNPATH_SEARCH_PATHS = (
					"$(inherited)",
					"@executable_path/Frameworks",
				);
				PRODUCT_BUNDLE_IDENTIFIER = org.github.lormico.Museo;
				PRODUCT_NAME = "$(TARGET_NAME)";
				PROVISIONING_PROFILE_SPECIFIER = "";
				SWIFT_VERSION = 4.2;
				TARGETED_DEVICE_FAMILY = "1,2";
			};
			name = Debug;
		};
		1342D1AA23D8479700C7802A /* Release */ = {
			isa = XCBuildConfiguration;
			buildSettings = {
				ASSETCATALOG_COMPILER_APPICON_NAME = AppIcon;
				CODE_SIGN_IDENTITY = "iPhone Developer";
				CODE_SIGN_STYLE = Automatic;
				DEVELOPMENT_TEAM = "";
				INFOPLIST_FILE = Museo/Info.plist;
				LD_RUNPATH_SEARCH_PATHS = (
					"$(inherited)",
					"@executable_path/Frameworks",
				);
				PRODUCT_BUNDLE_IDENTIFIER = org.github.lormico.Museo;
				PRODUCT_NAME = "$(TARGET_NAME)";
				PROVISIONING_PROFILE_SPECIFIER = "";
				SWIFT_VERSION = 4.2;
				TARGETED_DEVICE_FAMILY = "1,2";
			};
			name = Release;
		};
/* End XCBuildConfiguration section */

/* Begin XCConfigurationList section */
		1342D19123D8479600C7802A /* Build configuration list for PBXProject "Museo" */ = {
			isa = XCConfigurationList;
			buildConfigurations = (
				1342D1A623D8479700C7802A /* Debug */,
				1342D1A723D8479700C7802A /* Release */,
			);
			defaultConfigurationIsVisible = 0;
			defaultConfigurationName = Release;
		};
		1342D1A823D8479700C7802A /* Build configuration list for PBXNativeTarget "Museo" */ = {
			isa = XCConfigurationList;
			buildConfigurations = (
				1342D1A923D8479700C7802A /* Debug */,
				1342D1AA23D8479700C7802A /* Release */,
			);
			defaultConfigurationIsVisible = 0;
			defaultConfigurationName = Release;
		};
/* End XCConfigurationList section */
	};
	rootObject = 1342D18E23D8479600C7802A /* Project object */;
}
